
Microsoft Visual Studio Solution File, Format Version 12.00
# Visual Studio 14
VisualStudioVersion = 14.0.25420.1
MinimumVisualStudioVersion = 10.0.40219.1
Project("{FAE04EC0-301F-11D3-BF4B-00C04F79EFBC}") = "OnlineStore.Domain", "OnlineStore.Domain\OnlineStore.Domain.csproj", "{0F5455A8-B7F1-4CB6-846D-01D5E06D41AD}"
EndProject
Project("{FAE04EC0-301F-11D3-BF4B-00C04F79EFBC}") = "OnlineStore.WebUI", "OnlineStore.WebUI\OnlineStore.WebUI.csproj", "{3916C69B-437F-4FA2-A6CD-DB4ABE2B45FA}"
EndProject
Global
	GlobalSection(SolutionConfigurationPlatforms) = preSolution
		Debug|Any CPU = Debug|Any CPU
		Release|Any CPU = Release|Any CPU
	EndGlobalSection
	GlobalSection(ProjectConfigurationPlatforms) = postSolution
		{0F5455A8-B7F1-4CB6-846D-01D5E06D41AD}.Debug|Any CPU.ActiveCfg = Debug|Any CPU
		{0F5455A8-B7F1-4CB6-846D-01D5E06D41AD}.Debug|Any CPU.Build.0 = Debug|Any CPU
		{0F5455A8-B7F1-4CB6-846D-01D5E06D41AD}.Release|Any CPU.ActiveCfg = Release|Any CPU
		{0F5455A8-B7F1-4CB6-846D-01D5E06D41AD}.Release|Any CPU.Build.0 = Release|Any CPU
		{3916C69B-437F-4FA2-A6CD-DB4ABE2B45FA}.Debug|Any CPU.ActiveCfg = Debug|Any CPU
		{3916C69B-437F-4FA2-A6CD-DB4ABE2B45FA}.Debug|Any CPU.Build.0 = Debug|Any CPU
		{3916C69B-437F-4FA2-A6CD-DB4ABE2B45FA}.Release|Any CPU.ActiveCfg = Release|Any CPU
		{3916C69B-437F-4FA2-A6CD-DB4ABE2B45FA}.Release|Any CPU.Build.0 = Release|Any CPU
	EndGlobalSection
	GlobalSection(SolutionProperties) = preSolution
		HideSolutionNode = FALSE
	EndGlobalSection
EndGlobal
